GEM
  remote: https://rubygems.org/
  specs:
    action_text-trix (2.1.19)
      railties
    actioncable (8.1.3)
      actionpack (= 8.1.3)
      activesupport (= 8.1.3)
      nio4r (~> 2.0)
      websocket-driver (>= 0.6.1)
      zeitwerk (~> 2.6)
    actionmailbox (8.1.3)
      actionpack (= 8.1.3)
      activejob (= 8.1.3)
      activerecord (= 8.1.3)
      activestorage (= 8.1.3)
      activesupport (= 8.1.3)
      mail (>= 2.8.0)
    actionmailer (8.1.3)
      actionpack (= 8.1.3)
      actionview (= 8.1.3)
      activejob (= 8.1.3)
      activesupport (= 8.1.3)
      mail (>= 2.8.0)
      rails-dom-testing (~> 2.2)
    actionpack (8.1.3)
      actionview (= 8.1.3)
      activesupport (= 8.1.3)
      nokogiri (>= 1.8.5)
      rack (>= 2.2.4)
      rack-session (>= 1.0.1)
      rack-test (>= 0.6.3)
      rails-dom-testing (~> 2.2)
      rails-html-sanitizer (~> 1.6)
      useragent (~> 0.16)
    actionpack-page_caching (1.2.4)
      actionpack (>= 4.0.0)
    actiontext (8.1.3)
      action_text-trix (~> 2.1.15)
      actionpack (= 8.1.3)
      activerecord (= 8.1.3)
      activestorage (= 8.1.3)
      activesupport (= 8.1.3)
      globalid (>= 0.6.0)
      nokogiri (>= 1.8.5)
    actionview (8.1.3)
      activesupport (= 8.1.3)
      builder (~> 3.1)
      erubi (~> 1.11)
      rails-dom-testing (~> 2.2)
      rails-html-sanitizer (~> 1.6)
    activejob (8.1.3)
      activesupport (= 8.1.3)
      globalid (>= 0.3.6)
    activemodel (8.1.3)
      activesupport (= 8.1.3)
    activerecord (8.1.3)
      activemodel (= 8.1.3)
      activesupport (= 8.1.3)
      timeout (>= 0.4.0)
    activestorage (8.1.3)
      actionpack (= 8.1.3)
      activejob (= 8.1.3)
      activerecord (= 8.1.3)
      activesupport (= 8.1.3)
      marcel (~> 1.0)
    activesupport (8.1.3)
      base64
      bigdecimal
      concurrent-ruby (~> 1.0, >= 1.3.1)
      connection_pool (>= 2.2.5)
      drb
      i18n (>= 1.6, < 2)
      json
      logger (>= 1.4.2)
      minitest (>= 5.1)
      securerandom (>= 0.3)
      tzinfo (~> 2.0, >= 2.0.5)
      uri (>= 0.13.1)
    airbrussh (1.6.0)
      sshkit (>= 1.6.1, != 1.7.0)
    base64 (0.3.0)
    bcrypt_pbkdf (1.1.2)
    bigdecimal (4.1.2)
    bindex (0.8.1)
    builder (3.3.0)
    capistrano (3.20.0)
      airbrussh (>= 1.0.0)
      i18n
      rake (>= 10.0.0)
      sshkit (>= 1.9.0)
    capistrano-bundler (2.1.1)
      capistrano (~> 3.1)
    capistrano-rails (1.7.0)
      capistrano (~> 3.1)
      capistrano-bundler (>= 1.1, < 3)
    capistrano-rvm (0.1.2)
      capistrano (~> 3.0)
      sshkit (~> 1.2)
    capistrano3-puma (7.1.0)
      capistrano (~> 3.7)
      capistrano-bundler
      puma (>= 6.1, < 8.0)
    coffee-rails (5.0.0)
      coffee-script (>= 2.2.0)
      railties (>= 5.2.0)
    coffee-script (2.4.1)
      coffee-script-source
      execjs
    coffee-script-source (1.12.2)
    concurrent-ruby (1.3.7)
    connection_pool (3.0.2)
    crass (1.0.7)
    date (3.5.1)
    drb (2.2.3)
    ed25519 (1.4.0)
    erb (6.0.4)
    erubi (1.13.1)
    execjs (2.10.0)
    ffi (1.17.2)
    ffi (1.17.2-aarch64-linux-gnu)
    ffi (1.17.2-arm64-darwin)
    ffi (1.17.2-x86_64-linux-gnu)
    globalid (1.4.0)
      activesupport (>= 6.1)
    i18n (1.15.2)
      concurrent-ruby (~> 1.0)
    io-console (0.8.2)
    irb (1.18.0)
      pp (>= 0.6.0)
      prism (>= 1.3.0)
      rdoc (>= 4.0.0)
      reline (>= 0.4.2)
    json (2.21.1)
    logger (1.7.0)
    loofah (2.25.2)
      crass (~> 1.0.2)
      nokogiri (>= 1.12.0)
    mail (2.9.1)
      logger
      mini_mime (>= 0.1.1)
      net-imap
      net-pop
      net-smtp
    marcel (1.2.1)
    mini_mime (1.1.5)
    mini_portile2 (2.8.9)
    minitest (6.0.6)
      drb (~> 2.0)
      prism (~> 1.5)
    net-imap (0.6.4.1)
      date
      net-protocol
    net-pop (0.1.2)
      net-protocol
    net-protocol (0.2.2)
      timeout
    net-scp (4.1.0)
      net-ssh (>= 2.6.5, < 8.0.0)
    net-sftp (4.0.0)
      net-ssh (>= 5.0.0, < 8.0.0)
    net-smtp (0.5.1)
      net-protocol
    net-ssh (7.3.0)
    nio4r (2.7.5)
    nokogiri (1.19.4)
      mini_portile2 (~> 2.8.2)
      racc (~> 1.4)
    nokogiri (1.19.4-aarch64-linux-gnu)
      racc (~> 1.4)
    nokogiri (1.19.4-arm64-darwin)
      racc (~> 1.4)
    nokogiri (1.19.4-x86_64-linux-gnu)
      racc (~> 1.4)
    ostruct (0.6.3)
    pg (1.6.3)
    pg (1.6.3-aarch64-linux)
    pg (1.6.3-arm64-darwin)
    pg (1.6.3-x86_64-linux)
    pp (0.6.4)
      prettyprint
    prettyprint (0.2.0)
    prism (1.9.0)
    puma (7.1.0)
      nio4r (~> 2.0)
    racc (1.8.1)
    rack (3.2.6)
    rack-session (2.1.2)
      base64 (>= 0.1.0)
      rack (>= 3.0.0)
    rack-test (2.2.0)
      rack (>= 1.3)
    rackup (2.3.1)
      rack (>= 3)
    rails (8.1.3)
      actioncable (= 8.1.3)
      actionmailbox (= 8.1.3)
      actionmailer (= 8.1.3)
      actionpack (= 8.1.3)
      actiontext (= 8.1.3)
      actionview (= 8.1.3)
      activejob (= 8.1.3)
      activemodel (= 8.1.3)
      activerecord (= 8.1.3)
      activestorage (= 8.1.3)
      activesupport (= 8.1.3)
      bundler (>= 1.15.0)
      railties (= 8.1.3)
    rails-controller-testing (1.0.5)
      actionpack (>= 5.0.1.rc1)
      actionview (>= 5.0.1.rc1)
      activesupport (>= 5.0.1.rc1)
    rails-dom-testing (2.3.0)
      activesupport (>= 5.0.0)
      minitest
      nokogiri (>= 1.6)
    rails-html-sanitizer (1.7.0)
      loofah (~> 2.25)
      nokogiri (>= 1.15.7, != 1.16.7, != 1.16.6, != 1.16.5, != 1.16.4, != 1.16.3, != 1.16.2, != 1.16.1, != 1.16.0.rc1, != 1.16.0)
    railties (8.1.3)
      actionpack (= 8.1.3)
      activesupport (= 8.1.3)
      irb (~> 1.13)
      rackup (>= 1.0.0)
      rake (>= 12.2)
      thor (~> 1.0, >= 1.2.2)
      tsort (>= 0.2)
      zeitwerk (~> 2.6)
    rake (13.4.2)
    rbnacl (7.1.2)
      ffi (~> 1)
    rbnacl-libsodium (1.0.16)
      rbnacl (>= 3.0.1)
    rbs (4.0.3)
      logger
      prism (>= 1.6.0)
      tsort
    rdoc (8.0.0)
      erb
      prism (>= 1.6.0)
      rbs (>= 4.0.0)
      tsort
    reline (0.6.3)
      io-console (~> 0.5)
    rugged (1.9.0)
    sass-rails (6.0.0)
      sassc-rails (~> 2.1, >= 2.1.1)
    sassc (2.4.0)
      ffi (~> 1.9)
    sassc-rails (2.1.2)
      railties (>= 4.0.0)
      sassc (>= 2.0)
      sprockets (> 3.0)
      sprockets-rails
      tilt
    securerandom (0.4.1)
    sprockets (4.2.1)
      concurrent-ruby (~> 1.0)
      rack (>= 2.2.4, < 4)
    sprockets-rails (3.5.2)
      actionpack (>= 6.1)
      activesupport (>= 6.1)
      sprockets (>= 3.0.0)
    sshkit (1.25.0)
      base64
      logger
      net-scp (>= 1.1.2)
      net-sftp (>= 2.1.2)
      net-ssh (>= 2.8.0)
      ostruct
    thor (1.5.0)
    tilt (2.0.11)
    timeout (0.6.1)
    tsort (0.2.0)
    turbolinks (5.2.1)
      turbolinks-source (~> 5.2)
    turbolinks-source (5.2.0)
    tzinfo (2.0.6)
      concurrent-ruby (~> 1.0)
    uglifier (4.2.1)
      execjs (>= 0.3.0, < 3)
    unf (0.2.0)
    uri (1.1.1)
    useragent (0.16.11)
    web-console (4.2.1)
      actionview (>= 6.0.0)
      activemodel (>= 6.0.0)
      bindex (>= 0.4.0)
      railties (>= 6.0.0)
    websocket-driver (0.8.2)
      base64
      websocket-extensions (>= 0.1.0)
    websocket-extensions (0.1.5)
    zeitwerk (2.8.2)

PLATFORMS
  aarch64-linux
  arm64-darwin
  ruby
  x86_64-linux

DEPENDENCIES
  actionpack-page_caching (= 1.2.4)
  bcrypt_pbkdf (>= 1.0, < 2.0)
  capistrano (~> 3.20)
  capistrano-rails (~> 1.7)
  capistrano-rvm (= 0.1.2)
  capistrano3-puma (~> 7.1.0)
  coffee-rails (~> 5.0.0)
  ed25519
  pg
  puma (~> 7.1)
  rails (~> 8.1.1)
  rails-controller-testing
  rbnacl (>= 3.2, < 8.0)
  rbnacl-libsodium
  rugged (= 1.9.0)
  sass-rails (~> 6.0)
  sprockets-rails
  turbolinks (~> 5)
  uglifier (>= 1.3.0)
  unf
  web-console (>= 3.3.0)

CHECKSUMS
  action_text-trix (2.1.19) sha256=7012f59421009cf284aa651294896414d653a61a2417c9b8714c8476d2f74009
  actioncable (8.1.3) sha256=e5bc7f75e44e6a22de29c4f43176927c3a9ce4824464b74ed18d8226e75a80f0
  actionmailbox (8.1.3) sha256=df7da474eaa0e70df4ed5a6fef66eb3b3b0f2dbf7f14518deee8d77f1b4aae59
  actionmailer (8.1.3) sha256=831f724891bb70d0aaa4d76581a6321124b6a752cb655c9346aae5479318448d
  actionpack (8.1.3) sha256=af998cae4d47c5d581a2cc363b5c77eb718b7c4b45748d81b1887b25621c29a3
  actionpack-page_caching (1.2.4) sha256=867e8c387ff7120c144262172c1d58d6fd74b441313b1edc7cfa2153777898f1
  actiontext (8.1.3) sha256=d291019c00e1ea9e6463011fa214f6081a56d7b9a1d224e7d3f6384c1dafc7d2
  actionview (8.1.3) sha256=1347c88c7f3edb38100c5ce0e9fb5e62d7755f3edc1b61cce2eb0b2c6ea2fd5d
  activejob (8.1.3) sha256=a149b1766aa8204c3c3da7309e4becd40fcd5529c348cffbf6c9b16b565fe8d3
  activemodel (8.1.3) sha256=90c05cbe4cef3649b8f79f13016191ea94c4525ce4a5c0fb7ef909c4b91c8219
  activerecord (8.1.3) sha256=8003be7b2466ba0a2a670e603eeb0a61dd66058fccecfc49901e775260ac70ab
  activestorage (8.1.3) sha256=0564ce9309143951a67615e1bb4e090ee54b8befed417133cae614479b46384d
  activesupport (8.1.3) sha256=21a5e0dfbd4c3ddd9e1317ec6a4d782fa226e7867dc70b0743acda81a1dca20e
  airbrussh (1.6.0) sha256=7e2cf581f2319d2c2b2b672c9fc486efb4dfcfed4bd2dadbef5f10b8b2a000d0
  base64 (0.3.0) sha256=27337aeabad6ffae05c265c450490628ef3ebd4b67be58257393227588f5a97b
  bcrypt_pbkdf (1.1.2) sha256=c2414c23ce66869b3eb9f643d6a3374d8322dfb5078125c82792304c10b94cf6
  bigdecimal (4.1.2) sha256=53d217666027eab4280346fba98e7d5b66baaae1b9c3c1c0ffe89d48188a3fbd
  bindex (0.8.1) sha256=7b1ecc9dc539ed8bccfc8cb4d2732046227b09d6f37582ff12e50a5047ceb17e
  builder (3.3.0) sha256=497918d2f9dca528fdca4b88d84e4ef4387256d984b8154e9d5d3fe5a9c8835f
  capistrano (3.20.0) sha256=0113e58dda99add0342e56a244f664734c59f442c5ed734f5303b0b559b479c9
  capistrano-bundler (2.1.1) sha256=c234a72c1698265885522ba7da77b522c683e2ca350f90ac94d7e84d6f8f4f94
  capistrano-rails (1.7.0) sha256=aca57455e8c5435785e0f938e16aa5b79c263694a755e1dca1c5d1743b40aae7
  capistrano-rvm (0.1.2) sha256=4adb7ffd98d2c1335b597b063e1e6cafd9dd2d6ecc9d358bf78100aad8475e97
  capistrano3-puma (7.1.0) sha256=802ac32c70ea97604171973b487980e6ad04ea904c78360bcec29e7d78ee54bd
  coffee-rails (5.0.0) sha256=5daaa1ba51fd4907c98a333b6a9e7c1a99b1fff57fcef999b6c62d813cb91a9c
  coffee-script (2.4.1) sha256=82fe281e11b93c8117b98c5ea8063e71741870f1c4fbb27177d7d6333dd38765
  coffee-script-source (1.12.2) sha256=e12b16fd8927fbbf8b87cb2e9a85a6cf457c6881cc7ff8b1af15b31f70da07a4
  concurrent-ruby (1.3.7) sha256=4412caec3a5ea2e5fdc52076724c071a81f2c0593d83b2ac8cbb8ca63b3151b0
  connection_pool (3.0.2) sha256=33fff5ba71a12d2aa26cb72b1db8bba2a1a01823559fb01d29eb74c286e62e0a
  crass (1.0.7) sha256=94868719948664c89ddcaf0a37c65048413dfcb1c869470a5f7a7ceb5390b295
  date (3.5.1) sha256=750d06384d7b9c15d562c76291407d89e368dda4d4fff957eb94962d325a0dc0
  drb (2.2.3) sha256=0b00d6fdb50995fe4a45dea13663493c841112e4068656854646f418fda13373
  ed25519 (1.4.0) sha256=16e97f5198689a154247169f3453ef4cfd3f7a47481fde0ae33206cdfdcac506
  erb (6.0.4) sha256=38e3803694be357fe2bfe312487c74beaf9fb4e5beb3e22498952fe1645b95d9
  erubi (1.13.1) sha256=a082103b0885dbc5ecf1172fede897f9ebdb745a4b97a5e8dc63953db1ee4ad9
  execjs (2.10.0) sha256=6bcb8be8f0052ff9d370b65d1c080f2406656e150452a0abdb185a133048450d
  ffi (1.17.2) sha256=297235842e5947cc3036ebe64077584bff583cd7a4e94e9a02fdec399ef46da6
  ffi (1.17.2-aarch64-linux-gnu) sha256=c910bd3cae70b76690418cce4572b7f6c208d271f323d692a067d59116211a1a
  ffi (1.17.2-arm64-darwin) sha256=54dd9789be1d30157782b8de42d8f887a3c3c345293b57ffb6b45b4d1165f813
  ffi (1.17.2-x86_64-linux-gnu) sha256=05d2026fc9dbb7cfd21a5934559f16293815b7ce0314846fee2ac8efbdb823ea
  globalid (1.4.0) sha256=037f12fbf1d9d7a014d501c2d5c77356fd4ddd96d7a7991d6700bba96706f427
  i18n (1.15.2) sha256=00f9eb62412fe593b2a65a97daa75300d37abb8f7202ec748e94b6d46a9dd1b5
  io-console (0.8.2) sha256=d6e3ae7a7cc7574f4b8893b4fca2162e57a825b223a177b7afa236c5ef9814cc
  irb (1.18.0) sha256=de9454a0703a54704b9811a5ef31a60c86949fbf4013fcf244fabc7c775248e3
  json (2.21.1) sha256=13a43df75d95641443f5702dff350f237164a9d811ff0f2c2800d4d980220583
  logger (1.7.0) sha256=196edec7cc44b66cfb40f9755ce11b392f21f7967696af15d274dde7edff0203
  loofah (2.25.2) sha256=2007f746959ac65552456e04b433e83deb22759ab38c838b4445c70e43425918
  mail (2.9.1) sha256=06574eca475253d6c18145dd70af80d0eb970182d55053497c5f4d797ea160e8
  marcel (1.2.1) sha256=1678e9360e32f9eafa917c80029e2f6d10b2715c66a4b87b6d0da9b9cd1f859f
  mini_mime (1.1.5) sha256=8681b7e2e4215f2a159f9400b5816d85e9d8c6c6b491e96a12797e798f8bccef
  mini_portile2 (2.8.9) sha256=0cd7c7f824e010c072e33f68bc02d85a00aeb6fce05bb4819c03dfd3c140c289
  minitest (6.0.6) sha256=153ea36d1d987a62942382b61075745042a2b3123b1cd48f4c3675af9cc7d6f1
  net-imap (0.6.4.1) sha256=29f0360d75a7efd3539f16ac1957dea5c0a51ddeceb348db4553c3120914ea0d
  net-pop (0.1.2) sha256=848b4e982013c15b2f0382792268763b748cce91c9e91e36b0f27ed26420dff3
  net-protocol (0.2.2) sha256=aa73e0cba6a125369de9837b8d8ef82a61849360eba0521900e2c3713aa162a8
  net-scp (4.1.0) sha256=a99b0b92a1e5d360b0de4ffbf2dc0c91531502d3d4f56c28b0139a7c093d1a5d
  net-sftp (4.0.0) sha256=65bb91c859c2f93b09826757af11b69af931a3a9155050f50d1b06d384526364
  net-smtp (0.5.1) sha256=ed96a0af63c524fceb4b29b0d352195c30d82dd916a42f03c62a3a70e5b70736
  net-ssh (7.3.0) sha256=172076c4b30ce56fb25a03961b0c4da14e1246426401b0f89cba1a3b54bf3ef0
  nio4r (2.7.5) sha256=6c90168e48fb5f8e768419c93abb94ba2b892a1d0602cb06eef16d8b7df1dca1
  nokogiri (1.19.4) sha256=50c951611c92bca05c51411aef45f1cbc50f2821c4802758c5c6d34696533ab5
  nokogiri (1.19.4-aarch64-linux-gnu) sha256=1269fb644a6de405057a53dd5c762b1209b43ca7424f839454d3dbc677c31a8f
  nokogiri (1.19.4-arm64-darwin) sha256=a46db9853286e6597b36ebc6953817d15acf3a299583eb3f89fdc6f91dd63527
  nokogiri (1.19.4-x86_64-linux-gnu) sha256=379fae440b28915e3f19d752ce2dcf8465ed2b2fbefd2a7ca0dd497bc981a06a
  ostruct (0.6.3) sha256=95a2ed4a4bd1d190784e666b47b2d3f078e4a9efda2fccf18f84ddc6538ed912
  pg (1.6.3) sha256=1388d0563e13d2758c1089e35e973a3249e955c659592d10e5b77c468f628a99
  pg (1.6.3-aarch64-linux) sha256=0698ad563e02383c27510b76bf7d4cd2de19cd1d16a5013f375dd473e4be72ea
  pg (1.6.3-arm64-darwin) sha256=7240330b572e6355d7c75a7de535edb5dfcbd6295d9c7777df4d9dddfb8c0e5f
  pg (1.6.3-x86_64-linux) sha256=5d9e188c8f7a0295d162b7b88a768d8452a899977d44f3274d1946d67920ae8d
  pp (0.6.4) sha256=dfcb0fce700c41456265922884f9fe195d7fbb0674a3578e6c0f69588e82b570
  prettyprint (0.2.0) sha256=2bc9e15581a94742064a3cc8b0fb9d45aae3d03a1baa6ef80922627a0766f193
  prism (1.9.0) sha256=7b530c6a9f92c24300014919c9dcbc055bf4cdf51ec30aed099b06cd6674ef85
  puma (7.1.0) sha256=e45c10cb124f224d448c98db653a75499794edbecadc440ad616cf50f2fd49dd
  racc (1.8.1) sha256=4a7f6929691dbec8b5209a0b373bc2614882b55fc5d2e447a21aaa691303d62f
  rack (3.2.6) sha256=5ed78e1f73b2e25679bec7d45ee2d4483cc4146eb1be0264fc4d94cb5ef212c2
  rack-session (2.1.2) sha256=595434f8c0c3473ae7d7ac56ecda6cc6dfd9d37c0b2b5255330aa1576967ffe8
  rack-test (2.2.0) sha256=005a36692c306ac0b4a9350355ee080fd09ddef1148a5f8b2ac636c720f5c463
  rackup (2.3.1) sha256=6c79c26753778e90983761d677a48937ee3192b3ffef6bc963c0950f94688868
  rails (8.1.3) sha256=6d017ba5348c98fc909753a8169b21d44de14d2a0b92d140d1a966834c3c9cd3
  rails-controller-testing (1.0.5) sha256=741448db59366073e86fc965ba403f881c636b79a2c39a48d0486f2607182e94
  rails-dom-testing (2.3.0) sha256=8acc7953a7b911ca44588bf08737bc16719f431a1cc3091a292bca7317925c1d
  rails-html-sanitizer (1.7.0) sha256=28b145cceaf9cc214a9874feaa183c3acba036c9592b19886e0e45efc62b1e89
  railties (8.1.3) sha256=913eb0e0cb520aac687ffd74916bd726d48fa21f47833c6292576ef6a286de22
  rake (13.4.2) sha256=cb825b2bd5f1f8e91ca37bddb4b9aaf345551b4731da62949be002fa89283701
  rbnacl (7.1.2) sha256=c58433e93b390a7b8c03a9da9e54f2de67e6cc3d6731553265299c6aac889a60
  rbnacl-libsodium (1.0.16) sha256=b0556a57a232debb103d9fb818d45246df2c3ceee12c3432de7ede8d75a39fba
  rbs (4.0.3) sha256=5a7bf70e2628549d9a1f44eae447b2cfe55968a9c60cfff52693a4bdcc020e14
  rdoc (8.0.0) sha256=03bf8c08a9639658855a0cfd77c0abca8325c227693f7f33f82957811348c469
  reline (0.6.3) sha256=1198b04973565b36ec0f11542ab3f5cfeeec34823f4e54cebde90968092b1835
  rugged (1.9.0) sha256=7faaa912c5888d6e348d20fa31209b6409f1574346b1b80e309dbc7e8d63efac
  sass-rails (6.0.0) sha256=e0b6448ea1c7929fd5929fc7a8eb2d78045e44cc82fc0765a249d3fa1c5810d3
  sassc (2.4.0) sha256=4c60a2b0a3b36685c83b80d5789401c2f678c1652e3288315a1551d811d9f83e
  sassc-rails (2.1.2) sha256=5f4fdf3881fc9bdc8e856ffbd9850d70a2878866feae8114aa45996179952db5
  securerandom (0.4.1) sha256=cc5193d414a4341b6e225f0cb4446aceca8e50d5e1888743fac16987638ea0b1
  sprockets (4.2.1) sha256=951b13dd2f2fcae840a7184722689a803e0ff9d2702d902bd844b196da773f97
  sprockets-rails (3.5.2) sha256=a9e88e6ce9f8c912d349aa5401509165ec42326baf9e942a85de4b76dbc4119e
  sshkit (1.25.0) sha256=c8c6543cdb60f91f1d277306d585dd11b6a064cb44eab0972827e4311ff96744
  thor (1.5.0) sha256=e3a9e55fe857e44859ce104a84675ab6e8cd59c650a49106a05f55f136425e73
  tilt (2.0.11) sha256=7b180fc472cbdeb186c85d31c0f2d1e61a2c0d77e1d9fd0ca28482a9d972d6a0
  timeout (0.6.1) sha256=78f57368a7e7bbadec56971f78a3f5ecbcfb59b7fcbb0a3ed6ddc08a5094accb
  tsort (0.2.0) sha256=9650a793f6859a43b6641671278f79cfead60ac714148aabe4e3f0060480089f
  turbolinks (5.2.1) sha256=5fea5889c4e2a78a5bd9abda3860c565342b50c6e2593697d5558a08e15cce9c
  turbolinks-source (5.2.0) sha256=362a41fa851a22b0f15cf8f944b6c7c5788f645dc1f61ae25478bb25c3bc85d4
  tzinfo (2.0.6) sha256=8daf828cc77bcf7d63b0e3bdb6caa47e2272dcfaf4fbfe46f8c3a9df087a829b
  uglifier (4.2.1) sha256=75d42b81b10bfd21e7a427fabb1d49ff5ea7bda3c4a5039ddb2a78d194c6f5aa
  unf (0.2.0) sha256=e6bcc2e101d80e3f9459753db747d5926aada1aaaf61e629e93359da9a5b04ab
  uri (1.1.1) sha256=379fa58d27ffb1387eaada68c749d1426738bd0f654d812fcc07e7568f5c57c6
  useragent (0.16.11) sha256=700e6413ad4bb954bb63547fa098dddf7b0ebe75b40cc6f93b8d54255b173844
  web-console (4.2.1) sha256=e7bcf37a10ea2b4ec4281649d1cee461b32232d0a447e82c786e6841fd22fe20
  websocket-driver (0.8.2) sha256=97c556b019bf3410b4961002ac501621e9322d3f8a7bc02161a09301cc4c4146
  websocket-extensions (0.1.5) sha256=1c6ba63092cda343eb53fc657110c71c754c56484aad42578495227d717a8241
  zeitwerk (2.8.2) sha256=7212a61311083c604184b1ea2574b9aa05cd14f855a0841c06985cabe9181d12

RUBY VERSION
   ruby 3.4.5p51

BUNDLED WITH
   2.7.2
